// !$*UTF8*$!
{
	archiveVersion = 1;
	classes = {
	};
	objectVersion = 56;
	objects = {

/* Begin PBXBuildFile section */
		7A21CD6E2A8DE1FA002CD67A /* TextArea.swift in Sources */ = {isa = PBXBuildFile; fileRef = 7A21CD6D2A8DE1FA002CD67A /* TextArea.swift */; };
		7A21CD702A8DFB95002CD67A /* BadgeDescription.swift in Sources */ = {isa = PBXBuildFile; fileRef = 7A21CD6F2A8DFB95002CD67A /* BadgeDescription.swift */; };
		7A3357042A8C91310066BFB2 /* ProfileHeaderView.swift in Sources */ = {isa = PBXBuildFile; fileRef = 7A3357032A8C91310066BFB2 /* ProfileHeaderView.swift */; };
		7A3357062A8C94560066BFB2 /* ProfileBadge.swift in Sources */ = {isa = PBXBuildFile; fileRef = 7A3357052A8C94560066BFB2 /* ProfileBadge.swift */; };
		7A3357082A8C9F570066BFB2 /* ProfileCell.swift in Sources */ = {isa = PBXBuildFile; fileRef = 7A3357072A8C9F570066BFB2 /* ProfileCell.swift */; };
		7A3DE3362A8F382B00028CFB /* FeedRootView.swift in Sources */ = {isa = PBXBuildFile; fileRef = 7A3DE3352A8F382B00028CFB /* FeedRootView.swift */; };
		7A3DE3382A8F393600028CFB /* LocationFeedView.swift in Sources */ = {isa = PBXBuildFile; fileRef = 7A3DE3372A8F393600028CFB /* LocationFeedView.swift */; };
		7A3DE33A2A8F395600028CFB /* LikeFeedView.swift in Sources */ = {isa = PBXBuildFile; fileRef = 7A3DE3392A8F395600028CFB /* LikeFeedView.swift */; };
		7A584EC62A8B3DFD0057536F /* Local_GuideApp.swift in Sources */ = {isa = PBXBuildFile; fileRef = 7A584EC52A8B3DFD0057536F /* Local_GuideApp.swift */; };
		7A584EC82A8B3DFD0057536F /* ContentView.swift in Sources */ = {isa = PBXBuildFile; fileRef = 7A584EC72A8B3DFD0057536F /* ContentView.swift */; };
		7A584ECA2A8B3E020057536F /* Assets.xcassets in Resources */ = {isa = PBXBuildFile; fileRef = 7A584EC92A8B3E020057536F /* Assets.xcassets */; };
		7A584ECD2A8B3E020057536F /* Preview Assets.xcassets in Resources */ = {isa = PBXBuildFile; fileRef = 7A584ECC2A8B3E020057536F /* Preview Assets.xcassets */; };
		7A584ED52A8B3F180057536F /* ImagePicker.swift in Sources */ = {isa = PBXBuildFile; fileRef = 7A584ED42A8B3F180057536F /* ImagePicker.swift */; };
		7A584ED72A8B3F970057536F /* LoginView.swift in Sources */ = {isa = PBXBuildFile; fileRef = 7A584ED62A8B3F970057536F /* LoginView.swift */; };
		7A584EE12A8B40CD0057536F /* ProfileView.swift in Sources */ = {isa = PBXBuildFile; fileRef = 7A584EE02A8B40CD0057536F /* ProfileView.swift */; };
		7A584EE42A8B41350057536F /* NotificationView.swift in Sources */ = {isa = PBXBuildFile; fileRef = 7A584EE32A8B41350057536F /* NotificationView.swift */; };
		7A584EE62A8B41470057536F /* NotificationCell.swift in Sources */ = {isa = PBXBuildFile; fileRef = 7A584EE52A8B41470057536F /* NotificationCell.swift */; };
		7A584EE92A8B417B0057536F /* UploadPostView.swift in Sources */ = {isa = PBXBuildFile; fileRef = 7A584EE82A8B417B0057536F /* UploadPostView.swift */; };
		7A584EEC2A8B41A60057536F /* UserCell.swift in Sources */ = {isa = PBXBuildFile; fileRef = 7A584EEB2A8B41A60057536F /* UserCell.swift */; };
		7A584EEE2A8B41B90057536F /* UserListView.swift in Sources */ = {isa = PBXBuildFile; fileRef = 7A584EED2A8B41B90057536F /* UserListView.swift */; };
		7A584EF12A8B41E10057536F /* MainTabView.swift in Sources */ = {isa = PBXBuildFile; fileRef = 7A584EF02A8B41E10057536F /* MainTabView.swift */; };
		7A584EF72A8B423D0057536F /* RegistrationView.swift in Sources */ = {isa = PBXBuildFile; fileRef = 7A584EF62A8B423D0057536F /* RegistrationView.swift */; };
		7A584EF92A8B425B0057536F /* ResetPasswordView.swift in Sources */ = {isa = PBXBuildFile; fileRef = 7A584EF82A8B425B0057536F /* ResetPasswordView.swift */; };
		7A584EFB2A8B475D0057536F /* FeedCell.swift in Sources */ = {isa = PBXBuildFile; fileRef = 7A584EFA2A8B475D0057536F /* FeedCell.swift */; };
		7A9B6A0F2A972D63008F792B /* UploadPostViewModel.swift in Sources */ = {isa = PBXBuildFile; fileRef = 7A9B6A0E2A972D63008F792B /* UploadPostViewModel.swift */; };
		7AAC88862A935BA9000DD403 /* LocationDataManager.swift in Sources */ = {isa = PBXBuildFile; fileRef = 7AAC88852A935BA9000DD403 /* LocationDataManager.swift */; };
		7AD656512A98681500A05366 /* UserService.swift in Sources */ = {isa = PBXBuildFile; fileRef = 7AD656502A98681500A05366 /* UserService.swift */; };
		7AD656532A986FD100A05366 /* Post.swift in Sources */ = {isa = PBXBuildFile; fileRef = 7AD656522A986FD100A05366 /* Post.swift */; };
		7AD656562A9870EA00A05366 /* FeedViewModel.swift in Sources */ = {isa = PBXBuildFile; fileRef = 7AD656552A9870EA00A05366 /* FeedViewModel.swift */; };
		7AD8EB2E2A94743C00C9B31C /* AuthViewModel.swift in Sources */ = {isa = PBXBuildFile; fileRef = 7AD8EB2D2A94743C00C9B31C /* AuthViewModel.swift */; };
		7AD8EB302A94864000C9B31C /* ImageUploader.swift in Sources */ = {isa = PBXBuildFile; fileRef = 7AD8EB2F2A94864000C9B31C /* ImageUploader.swift */; };
		7AFB5E7F2A95D7C4002210FE /* Constants.swift in Sources */ = {isa = PBXBuildFile; fileRef = 7AFB5E7E2A95D7C4002210FE /* Constants.swift */; };
		7AFB5E812A95D98A002210FE /* User.swift in Sources */ = {isa = PBXBuildFile; fileRef = 7AFB5E802A95D98A002210FE /* User.swift */; };
		7AFB5E832A95DC23002210FE /* SearchViewModel.swift in Sources */ = {isa = PBXBuildFile; fileRef = 7AFB5E822A95DC23002210FE /* SearchViewModel.swift */; };
		7AFB5E852A95E83A002210FE /* SearchView.swift in Sources */ = {isa = PBXBuildFile; fileRef = 7AFB5E842A95E83A002210FE /* SearchView.swift */; };
		7AFDF9922A933BD7000A1746 /* FirebaseAuth in Frameworks */ = {isa = PBXBuildFile; productRef = 7AFDF9912A933BD7000A1746 /* FirebaseAuth */; };
		7AFDF9942A933BD7000A1746 /* FirebaseAuthCombine-Community in Frameworks */ = {isa = PBXBuildFile; productRef = 7AFDF9932A933BD7000A1746 /* FirebaseAuthCombine-Community */; };
		7AFDF9962A933BD7000A1746 /* FirebaseFirestore in Frameworks */ = {isa = PBXBuildFile; productRef = 7AFDF9952A933BD7000A1746 /* FirebaseFirestore */; };
		7AFDF9982A933BD7000A1746 /* FirebaseFirestoreCombine-Community in Frameworks */ = {isa = PBXBuildFile; productRef = 7AFDF9972A933BD7000A1746 /* FirebaseFirestoreCombine-Community */; };
		7AFDF99A2A933BD7000A1746 /* FirebaseFirestoreSwift in Frameworks */ = {isa = PBXBuildFile; productRef = 7AFDF9992A933BD7000A1746 /* FirebaseFirestoreSwift */; };
		7AFDF99C2A933BD7000A1746 /* FirebaseFunctions in Frameworks */ = {isa = PBXBuildFile; productRef = 7AFDF99B2A933BD7000A1746 /* FirebaseFunctions */; };
		7AFDF99E2A933BD7000A1746 /* FirebaseMessaging in Frameworks */ = {isa = PBXBuildFile; productRef = 7AFDF99D2A933BD7000A1746 /* FirebaseMessaging */; };
		7AFDF9A02A933BD7000A1746 /* FirebaseStorage in Frameworks */ = {isa = PBXBuildFile; productRef = 7AFDF99F2A933BD7000A1746 /* FirebaseStorage */; };
		7AFDF9A32A933C56000A1746 /* Kingfisher in Frameworks */ = {isa = PBXBuildFile; productRef = 7AFDF9A22A933C56000A1746 /* Kingfisher */; };
		7AFDF9A62A933C9C000A1746 /* BWTextField in Frameworks */ = {isa = PBXBuildFile; productRef = 7AFDF9A52A933C9C000A1746 /* BWTextField */; };
		7AFDF9A82A933DBF000A1746 /* GoogleService-Info.plist in Resources */ = {isa = PBXBuildFile; fileRef = 7AFDF9A72A933DBF000A1746 /* GoogleService-Info.plist */; };
/* End PBXBuildFile section */

/* Begin PBXFileReference section */
		7A21CD6D2A8DE1FA002CD67A /* TextArea.swift */ = {isa = PBXFileReference; lastKnownFileType = sourcecode.swift; path = TextArea.swift; sourceTree = "<group>"; };
		7A21CD6F2A8DFB95002CD67A /* BadgeDescription.swift */ = {isa = PBXFileReference; lastKnownFileType = sourcecode.swift; path = BadgeDescription.swift; sourceTree = "<group>"; };
		7A3357032A8C91310066BFB2 /* ProfileHeaderView.swift */ = {isa = PBXFileReference; lastKnownFileType = sourcecode.swift; path = ProfileHeaderView.swift; sourceTree = "<group>"; };
		7A3357052A8C94560066BFB2 /* ProfileBadge.swift */ = {isa = PBXFileReference; lastKnownFileType = sourcecode.swift; path = ProfileBadge.swift; sourceTree = "<group>"; };
		7A3357072A8C9F570066BFB2 /* ProfileCell.swift */ = {isa = PBXFileReference; lastKnownFileType = sourcecode.swift; path = ProfileCell.swift; sourceTree = "<group>"; };
		7A3DE3352A8F382B00028CFB /* FeedRootView.swift */ = {isa = PBXFileReference; lastKnownFileType = sourcecode.swift; path = FeedRootView.swift; sourceTree = "<group>"; };
		7A3DE3372A8F393600028CFB /* LocationFeedView.swift */ = {isa = PBXFileReference; lastKnownFileType = sourcecode.swift; path = LocationFeedView.swift; sourceTree = "<group>"; };
		7A3DE3392A8F395600028CFB /* LikeFeedView.swift */ = {isa = PBXFileReference; lastKnownFileType = sourcecode.swift; path = LikeFeedView.swift; sourceTree = "<group>"; };
		7A584EC22A8B3DFD0057536F /* Local Guide.app */ = {isa = PBXFileReference; explicitFileType = wrapper.application; includeInIndex = 0; path = "Local Guide.app"; sourceTree = BUILT_PRODUCTS_DIR; };
		7A584EC52A8B3DFD0057536F /* Local_GuideApp.swift */ = {isa = PBXFileReference; lastKnownFileType = sourcecode.swift; path = Local_GuideApp.swift; sourceTree = "<group>"; };
		7A584EC72A8B3DFD0057536F /* ContentView.swift */ = {isa = PBXFileReference; lastKnownFileType = sourcecode.swift; path = ContentView.swift; sourceTree = "<group>"; };
		7A584EC92A8B3E020057536F /* Assets.xcassets */ = {isa = PBXFileReference; lastKnownFileType = folder.assetcatalog; path = Assets.xcassets; sourceTree = "<group>"; };
		7A584ECC2A8B3E020057536F /* Preview Assets.xcassets */ = {isa = PBXFileReference; lastKnownFileType = folder.assetcatalog; path = "Preview Assets.xcassets"; sourceTree = "<group>"; };
		7A584ED42A8B3F180057536F /* ImagePicker.swift */ = {isa = PBXFileReference; lastKnownFileType = sourcecode.swift; path = ImagePicker.swift; sourceTree = "<group>"; };
		7A584ED62A8B3F970057536F /* LoginView.swift */ = {isa = PBXFileReference; lastKnownFileType = sourcecode.swift; path = LoginView.swift; sourceTree = "<group>"; };
		7A584EE02A8B40CD0057536F /* ProfileView.swift */ = {isa = PBXFileReference; lastKnownFileType = sourcecode.swift; path = ProfileView.swift; sourceTree = "<group>"; };
		7A584EE32A8B41350057536F /* NotificationView.swift */ = {isa = PBXFileReference; lastKnownFileType = sourcecode.swift; path = NotificationView.swift; sourceTree = "<group>"; };
		7A584EE52A8B41470057536F /* NotificationCell.swift */ = {isa = PBXFileReference; lastKnownFileType = sourcecode.swift; path = NotificationCell.swift; sourceTree = "<group>"; };
		7A584EE82A8B417B0057536F /* UploadPostView.swift */ = {isa = PBXFileReference; lastKnownFileType = sourcecode.swift; path = UploadPostView.swift; sourceTree = "<group>"; };
		7A584EEB2A8B41A60057536F /* UserCell.swift */ = {isa = PBXFileReference; lastKnownFileType = sourcecode.swift; path = UserCell.swift; sourceTree = "<group>"; };
		7A584EED2A8B41B90057536F /* UserListView.swift */ = {isa = PBXFileReference; lastKnownFileType = sourcecode.swift; path = UserListView.swift; sourceTree = "<group>"; };
		7A584EF02A8B41E10057536F /* MainTabView.swift */ = {isa = PBXFileReference; lastKnownFileType = sourcecode.swift; path = MainTabView.swift; sourceTree = "<group>"; };
		7A584EF62A8B423D0057536F /* RegistrationView.swift */ = {isa = PBXFileReference; lastKnownFileType = sourcecode.swift; path = RegistrationView.swift; sourceTree = "<group>"; };
		7A584EF82A8B425B0057536F /* ResetPasswordView.swift */ = {isa = PBXFileReference; lastKnownFileType = sourcecode.swift; path = ResetPasswordView.swift; sourceTree = "<group>"; };
		7A584EFA2A8B475D0057536F /* FeedCell.swift */ = {isa = PBXFileReference; lastKnownFileType = sourcecode.swift; path = FeedCell.swift; sourceTree = "<group>"; };
		7A9B6A0E2A972D63008F792B /* UploadPostViewModel.swift */ = {isa = PBXFileReference; lastKnownFileType = sourcecode.swift; path = UploadPostViewModel.swift; sourceTree = "<group>"; };
		7AAC88852A935BA9000DD403 /* LocationDataManager.swift */ = {isa = PBXFileReference; lastKnownFileType = sourcecode.swift; path = LocationDataManager.swift; sourceTree = "<group>"; };
		7AD656502A98681500A05366 /* UserService.swift */ = {isa = PBXFileReference; lastKnownFileType = sourcecode.swift; path = UserService.swift; sourceTree = "<group>"; };
		7AD656522A986FD100A05366 /* Post.swift */ = {isa = PBXFileReference; lastKnownFileType = sourcecode.swift; path = Post.swift; sourceTree = "<group>"; };
		7AD656552A9870EA00A05366 /* FeedViewModel.swift */ = {isa = PBXFileReference; lastKnownFileType = sourcecode.swift; path = FeedViewModel.swift; sourceTree = "<group>"; };
		7AD8EB2D2A94743C00C9B31C /* AuthViewModel.swift */ = {isa = PBXFileReference; lastKnownFileType = sourcecode.swift; path = AuthViewModel.swift; sourceTree = "<group>"; };
		7AD8EB2F2A94864000C9B31C /* ImageUploader.swift */ = {isa = PBXFileReference; lastKnownFileType = sourcecode.swift; path = ImageUploader.swift; sourceTree = "<group>"; };
		7AFB5E7E2A95D7C4002210FE /* Constants.swift */ = {isa = PBXFileReference; lastKnownFileType = sourcecode.swift; path = Constants.swift; sourceTree = "<group>"; };
		7AFB5E802A95D98A002210FE /* User.swift */ = {isa = PBXFileReference; lastKnownFileType = sourcecode.swift; path = User.swift; sourceTree = "<group>"; };
		7AFB5E822A95DC23002210FE /* SearchViewModel.swift */ = {isa = PBXFileReference; lastKnownFileType = sourcecode.swift; path = SearchViewModel.swift; sourceTree = "<group>"; };
		7AFB5E842A95E83A002210FE /* SearchView.swift */ = {isa = PBXFileReference; lastKnownFileType = sourcecode.swift; path = SearchView.swift; sourceTree = "<group>"; };
		7AFDF9A72A933DBF000A1746 /* GoogleService-Info.plist */ = {isa = PBXFileReference; lastKnownFileType = text.plist; path = "GoogleService-Info.plist"; sourceTree = SOURCE_ROOT; };
/* End PBXFileReference section */

/* Begin PBXFrameworksBuildPhase section */
		7A584EBF2A8B3DFD0057536F /* Frameworks */ = {
			isa = PBXFrameworksBuildPhase;
			buildActionMask = 2147483647;
			files = (
				7AFDF99A2A933BD7000A1746 /* FirebaseFirestoreSwift in Frameworks */,
				7AFDF9922A933BD7000A1746 /* FirebaseAuth in Frameworks */,
				7AFDF99E2A933BD7000A1746 /* FirebaseMessaging in Frameworks */,
				7AFDF9A32A933C56000A1746 /* Kingfisher in Frameworks */,
				7AFDF9982A933BD7000A1746 /* FirebaseFirestoreCombine-Community in Frameworks */,
				7AFDF99C2A933BD7000A1746 /* FirebaseFunctions in Frameworks */,
				7AFDF9A02A933BD7000A1746 /* FirebaseStorage in Frameworks */,
				7AFDF9942A933BD7000A1746 /* FirebaseAuthCombine-Community in Frameworks */,
				7AFDF9962A933BD7000A1746 /* FirebaseFirestore in Frameworks */,
				7AFDF9A62A933C9C000A1746 /* BWTextField in Frameworks */,
			);
			runOnlyForDeploymentPostprocessing = 0;
		};
/* End PBXFrameworksBuildPhase section */

/* Begin PBXGroup section */
		7A584EB92A8B3DFD0057536F = {
			isa = PBXGroup;
			children = (
				7A584EC42A8B3DFD0057536F /* Local Guide */,
				7A584EC32A8B3DFD0057536F /* Products */,
			);
			sourceTree = "<group>";
		};
		7A584EC32A8B3DFD0057536F /* Products */ = {
			isa = PBXGroup;
			children = (
				7A584EC22A8B3DFD0057536F /* Local Guide.app */,
			);
			name = Products;
			sourceTree = "<group>";
		};
		7A584EC42A8B3DFD0057536F /* Local Guide */ = {
			isa = PBXGroup;
			children = (
				7A584ED32A8B3F090057536F /* Utils */,
				7A584EDB2A8B409F0057536F /* API */,
				7A584EDC2A8B40A80057536F /* Model */,
				7A584EDD2A8B40B10057536F /* ViewModel */,
				7A584EDE2A8B40BA0057536F /* View */,
				7A584EC72A8B3DFD0057536F /* ContentView.swift */,
				7A584EC52A8B3DFD0057536F /* Local_GuideApp.swift */,
				7AFDF9A72A933DBF000A1746 /* GoogleService-Info.plist */,
				7A584EC92A8B3E020057536F /* Assets.xcassets */,
				7A584ECB2A8B3E020057536F /* Preview Content */,
			);
			path = "Local Guide";
			sourceTree = "<group>";
		};
		7A584ECB2A8B3E020057536F /* Preview Content */ = {
			isa = PBXGroup;
			children = (
				7A584ECC2A8B3E020057536F /* Preview Assets.xcassets */,
			);
			path = "Preview Content";
			sourceTree = "<group>";
		};
		7A584ED32A8B3F090057536F /* Utils */ = {
			isa = PBXGroup;
			children = (
				7A584ED42A8B3F180057536F /* ImagePicker.swift */,
				7A21CD6D2A8DE1FA002CD67A /* TextArea.swift */,
				7AFB5E7E2A95D7C4002210FE /* Constants.swift */,
			);
			path = Utils;
			sourceTree = "<group>";
		};
		7A584EDB2A8B409F0057536F /* API */ = {
			isa = PBXGroup;
			children = (
				7AAC88852A935BA9000DD403 /* LocationDataManager.swift */,
				7AD8EB2F2A94864000C9B31C /* ImageUploader.swift */,
				7AD656502A98681500A05366 /* UserService.swift */,
			);
			path = API;
			sourceTree = "<group>";
		};
		7A584EDC2A8B40A80057536F /* Model */ = {
			isa = PBXGroup;
			children = (
				7AFB5E802A95D98A002210FE /* User.swift */,
				7AD656522A986FD100A05366 /* Post.swift */,
			);
			path = Model;
			sourceTree = "<group>";
		};
		7A584EDD2A8B40B10057536F /* ViewModel */ = {
			isa = PBXGroup;
			children = (
				7AD656542A9870DD00A05366 /* Feed */,
				7AD8EB2C2A94742200C9B31C /* Authentication */,
				7AFB5E822A95DC23002210FE /* SearchViewModel.swift */,
				7A9B6A0E2A972D63008F792B /* UploadPostViewModel.swift */,
			);
			path = ViewModel;
			sourceTree = "<group>";
		};
		7A584EDE2A8B40BA0057536F /* View */ = {
			isa = PBXGroup;
			children = (
				7A584EF22A8B42020057536F /* Feed */,
				7A584EEA2A8B41930057536F /* UserList */,
				7A584EE72A8B41670057536F /* UploadPostView */,
				7A584EE22A8B40ED0057536F /* Notification */,
				7A584EDF2A8B40C20057536F /* Profile */,
				7A584EEF2A8B41CE0057536F /* Main */,
				7A584EF52A8B42270057536F /* Authentication */,
			);
			path = View;
			sourceTree = "<group>";
		};
		7A584EDF2A8B40C20057536F /* Profile */ = {
			isa = PBXGroup;
			children = (
				7A584EE02A8B40CD0057536F /* ProfileView.swift */,
				7A3357032A8C91310066BFB2 /* ProfileHeaderView.swift */,
				7A3357052A8C94560066BFB2 /* ProfileBadge.swift */,
				7A3357072A8C9F570066BFB2 /* ProfileCell.swift */,
				7A21CD6F2A8DFB95002CD67A /* BadgeDescription.swift */,
			);
			path = Profile;
			sourceTree = "<group>";
		};
		7A584EE22A8B40ED0057536F /* Notification */ = {
			isa = PBXGroup;
			children = (
				7A584EE52A8B41470057536F /* NotificationCell.swift */,
				7A584EE32A8B41350057536F /* NotificationView.swift */,
			);
			path = Notification;
			sourceTree = "<group>";
		};
		7A584EE72A8B41670057536F /* UploadPostView */ = {
			isa = PBXGroup;
			children = (
				7A584EE82A8B417B0057536F /* UploadPostView.swift */,
			);
			path = UploadPostView;
			sourceTree = "<group>";
		};
		7A584EEA2A8B41930057536F /* UserList */ = {
			isa = PBXGroup;
			children = (
				7A584EEB2A8B41A60057536F /* UserCell.swift */,
				7A584EED2A8B41B90057536F /* UserListView.swift */,
				7AFB5E842A95E83A002210FE /* SearchView.swift */,
			);
			path = UserList;
			sourceTree = "<group>";
		};
		7A584EEF2A8B41CE0057536F /* Main */ = {
			isa = PBXGroup;
			children = (
				7A584EF02A8B41E10057536F /* MainTabView.swift */,
			);
			path = Main;
			sourceTree = "<group>";
		};
		7A584EF22A8B42020057536F /* Feed */ = {
			isa = PBXGroup;
			children = (
				7A584EFA2A8B475D0057536F /* FeedCell.swift */,
				7A3DE3352A8F382B00028CFB /* FeedRootView.swift */,
				7A3DE3372A8F393600028CFB /* LocationFeedView.swift */,
				7A3DE3392A8F395600028CFB /* LikeFeedView.swift */,
			);
			path = Feed;
			sourceTree = "<group>";
		};
		7A584EF52A8B42270057536F /* Authentication */ = {
			isa = PBXGroup;
			children = (
				7A584EF62A8B423D0057536F /* RegistrationView.swift */,
				7A584ED62A8B3F970057536F /* LoginView.swift */,
				7A584EF82A8B425B0057536F /* ResetPasswordView.swift */,
			);
			path = Authentication;
			sourceTree = "<group>";
		};
		7AD656542A9870DD00A05366 /* Feed */ = {
			isa = PBXGroup;
			children = (
				7AD656552A9870EA00A05366 /* FeedViewModel.swift */,
			);
			path = Feed;
			sourceTree = "<group>";
		};
		7AD8EB2C2A94742200C9B31C /* Authentication */ = {
			isa = PBXGroup;
			children = (
				7AD8EB2D2A94743C00C9B31C /* AuthViewModel.swift */,
			);
			path = Authentication;
			sourceTree = "<group>";
		};
/* End PBXGroup section */

/* Begin PBXNativeTarget section */
		7A584EC12A8B3DFD0057536F /* Local Guide */ = {
			isa = PBXNativeTarget;
			buildConfigurationList = 7A584ED02A8B3E020057536F /* Build configuration list for PBXNativeTarget "Local Guide" */;
			buildPhases = (
				7A584EBE2A8B3DFD0057536F /* Sources */,
				7A584EBF2A8B3DFD0057536F /* Frameworks */,
				7A584EC02A8B3DFD0057536F /* Resources */,
			);
			buildRules = (
			);
			dependencies = (
			);
			name = "Local Guide";
			packageProductDependencies = (
				7AFDF9912A933BD7000A1746 /* FirebaseAuth */,
				7AFDF9932A933BD7000A1746 /* FirebaseAuthCombine-Community */,
				7AFDF9952A933BD7000A1746 /* FirebaseFirestore */,
				7AFDF9972A933BD7000A1746 /* FirebaseFirestoreCombine-Community */,
				7AFDF9992A933BD7000A1746 /* FirebaseFirestoreSwift */,
				7AFDF99B2A933BD7000A1746 /* FirebaseFunctions */,
				7AFDF99D2A933BD7000A1746 /* FirebaseMessaging */,
				7AFDF99F2A933BD7000A1746 /* FirebaseStorage */,
				7AFDF9A22A933C56000A1746 /* Kingfisher */,
				7AFDF9A52A933C9C000A1746 /* BWTextField */,
			);
			productName = "Local Guide";
			productReference = 7A584EC22A8B3DFD0057536F /* Local Guide.app */;
			productType = "com.apple.product-type.application";
		};
/* End PBXNativeTarget section */

/* Begin PBXProject section */
		7A584EBA2A8B3DFD0057536F /* Project object */ = {
			isa = PBXProject;
			attributes = {
				BuildIndependentTargetsInParallel = 1;
				LastSwiftUpdateCheck = 1500;
				LastUpgradeCheck = 1500;
				TargetAttributes = {
					7A584EC12A8B3DFD0057536F = {
						CreatedOnToolsVersion = 15.0;
					};
				};
			};
			buildConfigurationList = 7A584EBD2A8B3DFD0057536F /* Build configuration list for PBXProject "Local Guide" */;
			compatibilityVersion = "Xcode 14.0";
			developmentRegion = en;
			hasScannedForEncodings = 0;
			knownRegions = (
				en,
				Base,
			);
			mainGroup = 7A584EB92A8B3DFD0057536F;
			packageReferences = (
				7AFDF9902A933BD7000A1746 /* XCRemoteSwiftPackageReference "firebase-ios-sdk" */,
				7AFDF9A12A933C56000A1746 /* XCRemoteSwiftPackageReference "Kingfisher" */,
				7AFDF9A42A933C9C000A1746 /* XCRemoteSwiftPackageReference "BWTextField" */,
			);
			productRefGroup = 7A584EC32A8B3DFD0057536F /* Products */;
			projectDirPath = "";
			projectRoot = "";
			targets = (
				7A584EC12A8B3DFD0057536F /* Local Guide */,
			);
		};
/* End PBXProject section */

/* Begin PBXResourcesBuildPhase section */
		7A584EC02A8B3DFD0057536F /* Resources */ = {
			isa = PBXResourcesBuildPhase;
			buildActionMask = 2147483647;
			files = (
				7A584ECD2A8B3E020057536F /* Preview Assets.xcassets in Resources */,
				7A584ECA2A8B3E020057536F /* Assets.xcassets in Resources */,
				7AFDF9A82A933DBF000A1746 /* GoogleService-Info.plist in Resources */,
			);
			runOnlyForDeploymentPostprocessing = 0;
		};
/* End PBXResourcesBuildPhase section */

/* Begin PBXSourcesBuildPhase section */
		7A584EBE2A8B3DFD0057536F /* Sources */ = {
			isa = PBXSourcesBuildPhase;
			buildActionMask = 2147483647;
			files = (
				7A584ED52A8B3F180057536F /* ImagePicker.swift in Sources */,
				7A584EEE2A8B41B90057536F /* UserListView.swift in Sources */,
				7AD8EB302A94864000C9B31C /* ImageUploader.swift in Sources */,
				7AFB5E852A95E83A002210FE /* SearchView.swift in Sources */,
				7A21CD6E2A8DE1FA002CD67A /* TextArea.swift in Sources */,
				7AD656562A9870EA00A05366 /* FeedViewModel.swift in Sources */,
				7A3DE3382A8F393600028CFB /* LocationFeedView.swift in Sources */,
				7AFB5E812A95D98A002210FE /* User.swift in Sources */,
				7A584EC82A8B3DFD0057536F /* ContentView.swift in Sources */,
				7A584EF92A8B425B0057536F /* ResetPasswordView.swift in Sources */,
				7AFB5E7F2A95D7C4002210FE /* Constants.swift in Sources */,
				7A3DE3362A8F382B00028CFB /* FeedRootView.swift in Sources */,
				7AD656532A986FD100A05366 /* Post.swift in Sources */,
				7A584EF72A8B423D0057536F /* RegistrationView.swift in Sources */,
				7A584EE12A8B40CD0057536F /* ProfileView.swift in Sources */,
				7AD656512A98681500A05366 /* UserService.swift in Sources */,
				7A3357062A8C94560066BFB2 /* ProfileBadge.swift in Sources */,
				7A3357042A8C91310066BFB2 /* ProfileHeaderView.swift in Sources */,
				7A584ED72A8B3F970057536F /* LoginView.swift in Sources */,
				7A584EF12A8B41E10057536F /* MainTabView.swift in Sources */,
				7A21CD702A8DFB95002CD67A /* BadgeDescription.swift in Sources */,
				7A584EC62A8B3DFD0057536F /* Local_GuideApp.swift in Sources */,
				7A584EEC2A8B41A60057536F /* UserCell.swift in Sources */,
				7A584EFB2A8B475D0057536F /* FeedCell.swift in Sources */,
				7A584EE92A8B417B0057536F /* UploadPostView.swift in Sources */,
				7AAC88862A935BA9000DD403 /* LocationDataManager.swift in Sources */,
				7AFB5E832A95DC23002210FE /* SearchViewModel.swift in Sources */,
				7A3357082A8C9F570066BFB2 /* ProfileCell.swift in Sources */,
				7AD8EB2E2A94743C00C9B31C /* AuthViewModel.swift in Sources */,
				7A584EE42A8B41350057536F /* NotificationView.swift in Sources */,
				7A3DE33A2A8F395600028CFB /* LikeFeedView.swift in Sources */,
				7A584EE62A8B41470057536F /* NotificationCell.swift in Sources */,
				7A9B6A0F2A972D63008F792B /* UploadPostViewModel.swift in Sources */,
			);
			runOnlyForDeploymentPostprocessing = 0;
		};
/* End PBXSourcesBuildPhase section */

/* Begin XCBuildConfiguration section */
		7A584ECE2A8B3E020057536F /* Debug */ = {
			isa = XCBuildConfiguration;
			buildSettings = {
				ALWAYS_SEARCH_USER_PATHS = NO;
				ASSETCATALOG_COMPILER_GENERATE_SWIFT_ASSET_SYMBOL_EXTENSIONS = YES;
				CLANG_ANALYZER_NONNULL = YES;
				CLANG_ANALYZER_NUMBER_OBJECT_CONVERSION = YES_AGGRESSIVE;
				CLANG_CXX_LANGUAGE_STANDARD = "gnu++20";
				CLANG_ENABLE_MODULES = YES;
				CLANG_ENABLE_OBJC_ARC = YES;
				CLANG_ENABLE_OBJC_WEAK = YES;
				CLANG_WARN_BLOCK_CAPTURE_AUTORELEASING = YES;
				CLANG_WARN_BOOL_CONVERSION = YES;
				CLANG_WARN_COMMA = YES;
				CLANG_WARN_CONSTANT_CONVERSION = YES;
				CLANG_WARN_DEPRECATED_OBJC_IMPLEMENTATIONS = YES;
				CLANG_WARN_DIRECT_OBJC_ISA_USAGE = YES_ERROR;
				CLANG_WARN_DOCUMENTATION_COMMENTS = YES;
				CLANG_WARN_EMPTY_BODY = YES;
				CLANG_WARN_ENUM_CONVERSION = YES;
				CLANG_WARN_INFINITE_RECURSION = YES;
				CLANG_WARN_INT_CONVERSION = YES;
				CLANG_WARN_NON_LITERAL_NULL_CONVERSION = YES;
				CLANG_WARN_OBJC_IMPLICIT_RETAIN_SELF = YES;
				CLANG_WARN_OBJC_LITERAL_CONVERSION = YES;
				CLANG_WARN_OBJC_ROOT_CLASS = YES_ERROR;
				CLANG_WARN_QUOTED_INCLUDE_IN_FRAMEWORK_HEADER = YES;
				CLANG_WARN_RANGE_LOOP_ANALYSIS = YES;
				CLANG_WARN_STRICT_PROTOTYPES = YES;
				CLANG_WARN_SUSPICIOUS_MOVE = YES;
				CLANG_WARN_UNGUARDED_AVAILABILITY = YES_AGGRESSIVE;
				CLANG_WARN_UNREACHABLE_CODE = YES;
				CLANG_WARN__DUPLICATE_METHOD_MATCH = YES;
				COPY_PHASE_STRIP = NO;
				DEBUG_INFORMATION_FORMAT = dwarf;
				ENABLE_STRICT_OBJC_MSGSEND = YES;
				ENABLE_TESTABILITY = YES;
				ENABLE_USER_SCRIPT_SANDBOXING = YES;
				GCC_C_LANGUAGE_STANDARD = gnu17;
				GCC_DYNAMIC_NO_PIC = NO;
				GCC_NO_COMMON_BLOCKS = YES;
				GCC_OPTIMIZATION_LEVEL = 0;
				GCC_PREPROCESSOR_DEFINITIONS = (
					"DEBUG=1",
					"$(inherited)",
				);
				GCC_WARN_64_TO_32_BIT_CONVERSION = YES;
				GCC_WARN_ABOUT_RETURN_TYPE = YES_ERROR;
				GCC_WARN_UNDECLARED_SELECTOR = YES;
				GCC_WARN_UNINITIALIZED_AUTOS = YES_AGGRESSIVE;
				GCC_WARN_UNUSED_FUNCTION = YES;
				GCC_WARN_UNUSED_VARIABLE = YES;
				IPHONEOS_DEPLOYMENT_TARGET = 16.6;
				LOCALIZATION_PREFERS_STRING_CATALOGS = YES;
				MTL_ENABLE_DEBUG_INFO = INCLUDE_SOURCE;
				MTL_FAST_MATH = YES;
				ONLY_ACTIVE_ARCH = YES;
				SDKROOT = iphoneos;
				SWIFT_ACTIVE_COMPILATION_CONDITIONS = "DEBUG $(inherited)";
				SWIFT_OPTIMIZATION_LEVEL = "-Onone";
			};
			name = Debug;
		};
		7A584ECF2A8B3E020057536F /* Release */ = {
			isa = XCBuildConfiguration;
			buildSettings = {
				ALWAYS_SEARCH_USER_PATHS = NO;
				ASSETCATALOG_COMPILER_GENERATE_SWIFT_ASSET_SYMBOL_EXTENSIONS = YES;
				CLANG_ANALYZER_NONNULL = YES;
				CLANG_ANALYZER_NUMBER_OBJECT_CONVERSION = YES_AGGRESSIVE;
				CLANG_CXX_LANGUAGE_STANDARD = "gnu++20";
				CLANG_ENABLE_MODULES = YES;
				CLANG_ENABLE_OBJC_ARC = YES;
				CLANG_ENABLE_OBJC_WEAK = YES;
				CLANG_WARN_BLOCK_CAPTURE_AUTORELEASING = YES;
				CLANG_WARN_BOOL_CONVERSION = YES;
				CLANG_WARN_COMMA = YES;
				CLANG_WARN_CONSTANT_CONVERSION = YES;
				CLANG_WARN_DEPRECATED_OBJC_IMPLEMENTATIONS = YES;
				CLANG_WARN_DIRECT_OBJC_ISA_USAGE = YES_ERROR;
				CLANG_WARN_DOCUMENTATION_COMMENTS = YES;
				CLANG_WARN_EMPTY_BODY = YES;
				CLANG_WARN_ENUM_CONVERSION = YES;
				CLANG_WARN_INFINITE_RECURSION = YES;
				CLANG_WARN_INT_CONVERSION = YES;
				CLANG_WARN_NON_LITERAL_NULL_CONVERSION = YES;
				CLANG_WARN_OBJC_IMPLICIT_RETAIN_SELF = YES;
				CLANG_WARN_OBJC_LITERAL_CONVERSION = YES;
				CLANG_WARN_OBJC_ROOT_CLASS = YES_ERROR;
				CLANG_WARN_QUOTED_INCLUDE_IN_FRAMEWORK_HEADER = YES;
				CLANG_WARN_RANGE_LOOP_ANALYSIS = YES;
				CLANG_WARN_STRICT_PROTOTYPES = YES;
				CLANG_WARN_SUSPICIOUS_MOVE = YES;
				CLANG_WARN_UNGUARDED_AVAILABILITY = YES_AGGRESSIVE;
				CLANG_WARN_UNREACHABLE_CODE = YES;
				CLANG_WARN__DUPLICATE_METHOD_MATCH = YES;
				COPY_PHASE_STRIP = NO;
				DEBUG_INFORMATION_FORMAT = "dwarf-with-dsym";
				ENABLE_NS_ASSERTIONS = NO;
				ENABLE_STRICT_OBJC_MSGSEND = YES;
				ENABLE_USER_SCRIPT_SANDBOXING = YES;
				GCC_C_LANGUAGE_STANDARD = gnu17;
				GCC_NO_COMMON_BLOCKS = YES;
				GCC_WARN_64_TO_32_BIT_CONVERSION = YES;
				GCC_WARN_ABOUT_RETURN_TYPE = YES_ERROR;
				GCC_WARN_UNDECLARED_SELECTOR = YES;
				GCC_WARN_UNINITIALIZED_AUTOS = YES_AGGRESSIVE;
				GCC_WARN_UNUSED_FUNCTION = YES;
				GCC_WARN_UNUSED_VARIABLE = YES;
				IPHONEOS_DEPLOYMENT_TARGET = 16.6;
				LOCALIZATION_PREFERS_STRING_CATALOGS = YES;
				MTL_ENABLE_DEBUG_INFO = NO;
				MTL_FAST_MATH = YES;
				SDKROOT = iphoneos;
				SWIFT_COMPILATION_MODE = wholemodule;
				VALIDATE_PRODUCT = YES;
			};
			name = Release;
		};
		7A584ED12A8B3E020057536F /* Debug */ = {
			isa = XCBuildConfiguration;
			buildSettings = {
				ASSETCATALOG_COMPILER_APPICON_NAME = AppIcon;
				ASSETCATALOG_COMPILER_GLOBAL_ACCENT_COLOR_NAME = AccentColor;
				CODE_SIGN_STYLE = Automatic;
				CURRENT_PROJECT_VERSION = 1;
				DEVELOPMENT_ASSET_PATHS = "\"Local Guide/Preview Content\"";
				DEVELOPMENT_TEAM = N26MX7V92N;
				ENABLE_PREVIEWS = YES;
				GENERATE_INFOPLIST_FILE = YES;
				INFOPLIST_KEY_NSLocationWhenInUseUsageDescription = "App needs to access your location data to tell you your current location";
				INFOPLIST_KEY_UIApplicationSceneManifest_Generation = YES;
				INFOPLIST_KEY_UIApplicationSupportsIndirectInputEvents = YES;
				INFOPLIST_KEY_UILaunchScreen_Generation = YES;
				INFOPLIST_KEY_UISupportedInterfaceOrientations_iPad = "UIInterfaceOrientationPortrait UIInterfaceOrientationPortraitUpsideDown UIInterfaceOrientationLandscapeLeft UIInterfaceOrientationLandscapeRight";
				INFOPLIST_KEY_UISupportedInterfaceOrientations_iPhone = "UIInterfaceOrientationPortrait UIInterfaceOrientationLandscapeLeft UIInterfaceOrientationLandscapeRight";
				IPHONEOS_DEPLOYMENT_TARGET = 16.6;
				LD_RUNPATH_SEARCH_PATHS = (
					"$(inherited)",
					"@executable_path/Frameworks",
				);
				MARKETING_VERSION = 1.0;
				PRODUCT_BUNDLE_IDENTIFIER = "com.example.apple-samplecode.Local-Guide";
				PRODUCT_NAME = "$(TARGET_NAME)";
				SWIFT_EMIT_LOC_STRINGS = YES;
				SWIFT_VERSION = 5.0;
				TARGETED_DEVICE_FAMILY = "1,2";
			};
			name = Debug;
		};
		7A584ED22A8B3E020057536F /* Release */ = {
			isa = XCBuildConfiguration;
			buildSettings = {
				ASSETCATALOG_COMPILER_APPICON_NAME = AppIcon;
				ASSETCATALOG_COMPILER_GLOBAL_ACCENT_COLOR_NAME = AccentColor;
				CODE_SIGN_STYLE = Automatic;
				CURRENT_PROJECT_VERSION = 1;
				DEVELOPMENT_ASSET_PATHS = "\"Local Guide/Preview Content\"";
				DEVELOPMENT_TEAM = N26MX7V92N;
				ENABLE_PREVIEWS = YES;
				GENERATE_INFOPLIST_FILE = YES;
				INFOPLIST_KEY_NSLocationWhenInUseUsageDescription = "App needs to access your location data to tell you your current location";
				INFOPLIST_KEY_UIApplicationSceneManifest_Generation = YES;
				INFOPLIST_KEY_UIApplicationSupportsIndirectInputEvents = YES;
				INFOPLIST_KEY_UILaunchScreen_Generation = YES;
				INFOPLIST_KEY_UISupportedInterfaceOrientations_iPad = "UIInterfaceOrientationPortrait UIInterfaceOrientationPortraitUpsideDown UIInterfaceOrientationLandscapeLeft UIInterfaceOrientationLandscapeRight";
				INFOPLIST_KEY_UISupportedInterfaceOrientations_iPhone = "UIInterfaceOrientationPortrait UIInterfaceOrientationLandscapeLeft UIInterfaceOrientationLandscapeRight";
				IPHONEOS_DEPLOYMENT_TARGET = 16.6;
				LD_RUNPATH_SEARCH_PATHS = (
					"$(inherited)",
					"@executable_path/Frameworks",
				);
				MARKETING_VERSION = 1.0;
				PRODUCT_BUNDLE_IDENTIFIER = "com.example.apple-samplecode.Local-Guide";
				PRODUCT_NAME = "$(TARGET_NAME)";
				SWIFT_EMIT_LOC_STRINGS = YES;
				SWIFT_VERSION = 5.0;
				TARGETED_DEVICE_FAMILY = "1,2";
			};
			name = Release;
		};
/* End XCBuildConfiguration section */

/* Begin XCConfigurationList section */
		7A584EBD2A8B3DFD0057536F /* Build configuration list for PBXProject "Local Guide" */ = {
			isa = XCConfigurationList;
			buildConfigurations = (
				7A584ECE2A8B3E020057536F /* Debug */,
				7A584ECF2A8B3E020057536F /* Release */,
			);
			defaultConfigurationIsVisible = 0;
			defaultConfigurationName = Release;
		};
		7A584ED02A8B3E020057536F /* Build configuration list for PBXNativeTarget "Local Guide" */ = {
			isa = XCConfigurationList;
			buildConfigurations = (
				7A584ED12A8B3E020057536F /* Debug */,
				7A584ED22A8B3E020057536F /* Release */,
			);
			defaultConfigurationIsVisible = 0;
			defaultConfigurationName = Release;
		};
/* End XCConfigurationList section */

/* Begin XCRemoteSwiftPackageReference section */
		7AFDF9902A933BD7000A1746 /* XCRemoteSwiftPackageReference "firebase-ios-sdk" */ = {
			isa = XCRemoteSwiftPackageReference;
			repositoryURL = "https://github.com/firebase/firebase-ios-sdk.git";
			requirement = {
				kind = upToNextMajorVersion;
				minimumVersion = 10.13.0;
			};
		};
		7AFDF9A12A933C56000A1746 /* XCRemoteSwiftPackageReference "Kingfisher" */ = {
			isa = XCRemoteSwiftPackageReference;
			repositoryURL = "https://github.com/onevcat/Kingfisher.git";
			requirement = {
				kind = upToNextMajorVersion;
				minimumVersion = 7.9.0;
			};
		};
		7AFDF9A42A933C9C000A1746 /* XCRemoteSwiftPackageReference "BWTextField" */ = {
			isa = XCRemoteSwiftPackageReference;
			repositoryURL = "https://github.com/FrenteBW/BWTextField";
			requirement = {
				branch = main;
				kind = branch;
			};
		};
/* End XCRemoteSwiftPackageReference section */

/* Begin XCSwiftPackageProductDependency section */
		7AFDF9912A933BD7000A1746 /* FirebaseAuth */ = {
			isa = XCSwiftPackageProductDependency;
			package = 7AFDF9902A933BD7000A1746 /* XCRemoteSwiftPackageReference "firebase-ios-sdk" */;
			productName = FirebaseAuth;
		};
		7AFDF9932A933BD7000A1746 /* FirebaseAuthCombine-Community */ = {
			isa = XCSwiftPackageProductDependency;
			package = 7AFDF9902A933BD7000A1746 /* XCRemoteSwiftPackageReference "firebase-ios-sdk" */;
			productName = "FirebaseAuthCombine-Community";
		};
		7AFDF9952A933BD7000A1746 /* FirebaseFirestore */ = {
			isa = XCSwiftPackageProductDependency;
			package = 7AFDF9902A933BD7000A1746 /* XCRemoteSwiftPackageReference "firebase-ios-sdk" */;
			productName = FirebaseFirestore;
		};
		7AFDF9972A933BD7000A1746 /* FirebaseFirestoreCombine-Community */ = {
			isa = XCSwiftPackageProductDependency;
			package = 7AFDF9902A933BD7000A1746 /* XCRemoteSwiftPackageReference "firebase-ios-sdk" */;
			productName = "FirebaseFirestoreCombine-Community";
		};
		7AFDF9992A933BD7000A1746 /* FirebaseFirestoreSwift */ = {
			isa = XCSwiftPackageProductDependency;
			package = 7AFDF9902A933BD7000A1746 /* XCRemoteSwiftPackageReference "firebase-ios-sdk" */;
			productName = FirebaseFirestoreSwift;
		};
		7AFDF99B2A933BD7000A1746 /* FirebaseFunctions */ = {
			isa = XCSwiftPackageProductDependency;
			package = 7AFDF9902A933BD7000A1746 /* XCRemoteSwiftPackageReference "firebase-ios-sdk" */;
			productName = FirebaseFunctions;
		};
		7AFDF99D2A933BD7000A1746 /* FirebaseMessaging */ = {
			isa = XCSwiftPackageProductDependency;
			package = 7AFDF9902A933BD7000A1746 /* XCRemoteSwiftPackageReference "firebase-ios-sdk" */;
			productName = FirebaseMessaging;
		};
		7AFDF99F2A933BD7000A1746 /* FirebaseStorage */ = {
			isa = XCSwiftPackageProductDependency;
			package = 7AFDF9902A933BD7000A1746 /* XCRemoteSwiftPackageReference "firebase-ios-sdk" */;
			productName = FirebaseStorage;
		};
		7AFDF9A22A933C56000A1746 /* Kingfisher */ = {
			isa = XCSwiftPackageProductDependency;
			package = 7AFDF9A12A933C56000A1746 /* XCRemoteSwiftPackageReference "Kingfisher" */;
			productName = Kingfisher;
		};
		7AFDF9A52A933C9C000A1746 /* BWTextField */ = {
			isa = XCSwiftPackageProductDependency;
			package = 7AFDF9A42A933C9C000A1746 /* XCRemoteSwiftPackageReference "BWTextField" */;
			productName = BWTextField;
		};
/* End XCSwiftPackageProductDependency section */
	};
	rootObject = 7A584EBA2A8B3DFD0057536F /* Project object */;
}
